
Microsoft Visual Studio Solution File, Format Version 12.00
# Visual Studio 15
VisualStudioVersion = 15.0.27703.2000
MinimumVisualStudioVersion = 10.0.40219.1
Project("{FAE04EC0-301F-11D3-BF4B-00C04F79EFBC}") = "ProyectoPaises.Android", "ProyectoPaises\ProyectoPaises.Android\ProyectoPaises.Android.csproj", "{DAF9D07D-E697-4AFD-B50C-225EE0209712}"
EndProject
Project("{FAE04EC0-301F-11D3-BF4B-00C04F79EFBC}") = "ProyectoPaises.iOS", "ProyectoPaises\ProyectoPaises.iOS\ProyectoPaises.iOS.csproj", "{557A5BB1-012F-4B7E-A86D-DA8D27DF60D2}"
EndProject
Project("{D954291E-2A0B-460D-934E-DC6B0785DB48}") = "ProyectoPaises", "ProyectoPaises\ProyectoPaises\ProyectoPaises.shproj", "{04F7B029-8DCC-4144-A6E4-6FDB820CB0FE}"
EndProject
Global
	GlobalSection(SharedMSBuildProjectFiles) = preSolution
		ProyectoPaises\ProyectoPaises\ProyectoPaises.projitems*{04f7b029-8dcc-4144-a6e4-6fdb820cb0fe}*SharedItemsImports = 13
		ProyectoPaises\ProyectoPaises\ProyectoPaises.projitems*{557a5bb1-012f-4b7e-a86d-da8d27df60d2}*SharedItemsImports = 4
		ProyectoPaises\ProyectoPaises\ProyectoPaises.projitems*{daf9d07d-e697-4afd-b50c-225ee0209712}*SharedItemsImports = 4
	EndGlobalSection
	GlobalSection(SolutionConfigurationPlatforms) = preSolution
		Ad-Hoc|Any CPU = Ad-Hoc|Any CPU
		Ad-Hoc|iPhone = Ad-Hoc|iPhone
		Ad-Hoc|iPhoneSimulator = Ad-Hoc|iPhoneSimulator
		AppStore|Any CPU = AppStore|Any CPU
		AppStore|iPhone = AppStore|iPhone
		AppStore|iPhoneSimulator = AppStore|iPhoneSimulator
		Debug|Any CPU = Debug|Any CPU
		Debug|iPhone = Debug|iPhone
		Debug|iPhoneSimulator = Debug|iPhoneSimulator
		Release|Any CPU = Release|Any CPU
		Release|iPhone = Release|iPhone
		Release|iPhoneSimulator = Release|iPhoneSimulator
	EndGlobalSection
	GlobalSection(ProjectConfigurationPlatforms) = postSolution
		{DAF9D07D-E697-4AFD-B50C-225EE0209712}.Ad-Hoc|Any CPU.ActiveCfg = Release|Any CPU
		{DAF9D07D-E697-4AFD-B50C-225EE0209712}.Ad-Hoc|Any CPU.Build.0 = Release|Any CPU
		{DAF9D07D-E697-4AFD-B50C-225EE0209712}.Ad-Hoc|Any CPU.Deploy.0 = Release|Any CPU
		{DAF9D07D-E697-4AFD-B50C-225EE0209712}.Ad-Hoc|iPhone.ActiveCfg = Release|Any CPU
		{DAF9D07D-E697-4AFD-B50C-225EE0209712}.Ad-Hoc|iPhone.Build.0 = Release|Any CPU
		{DAF9D07D-E697-4AFD-B50C-225EE0209712}.Ad-Hoc|iPhone.Deploy.0 = Release|Any CPU
		{DAF9D07D-E697-4AFD-B50C-225EE0209712}.Ad-Hoc|iPhoneSimulator.ActiveCfg = Release|Any CPU
		{DAF9D07D-E697-4AFD-B50C-225EE0209712}.Ad-Hoc|iPhoneSimulator.Build.0 = Release|Any CPU
		{DAF9D07D-E697-4AFD-B50C-225EE0209712}.Ad-Hoc|iPhoneSimulator.Deploy.0 = Release|Any CPU
		{DAF9D07D-E697-4AFD-B50C-225EE0209712}.AppStore|Any CPU.ActiveCfg = Release|Any CPU
		{DAF9D07D-E697-4AFD-B50C-225EE0209712}.AppStore|Any CPU.Build.0 = Release|Any CPU
		{DAF9D07D-E697-4AFD-B50C-225EE0209712}.AppStore|Any CPU.Deploy.0 = Release|Any CPU
		{DAF9D07D-E697-4AFD-B50C-225EE0209712}.AppStore|iPhone.ActiveCfg = Release|Any CPU
		{DAF9D07D-E697-4AFD-B50C-225EE0209712}.AppStore|iPhone.Build.0 = Release|Any CPU
		{DAF9D07D-E697-4AFD-B50C-225EE0209712}.AppStore|iPhone.Deploy.0 = Release|Any CPU
		{DAF9D07D-E697-4AFD-B50C-225EE0209712}.AppStore|iPhoneSimulator.ActiveCfg = Release|Any CPU
		{DAF9D07D-E697-4AFD-B50C-225EE0209712}.AppStore|iPhoneSimulator.Build.0 = Release|Any CPU
		{DAF9D07D-E697-4AFD-B50C-225EE0209712}.AppStore|iPhoneSimulator.Deploy.0 = Release|Any CPU
		{DAF9D07D-E697-4AFD-B50C-225EE0209712}.Debug|Any CPU.ActiveCfg = Debug|Any CPU
		{DAF9D07D-E697-4AFD-B50C-225EE0209712}.Debug|Any CPU.Build.0 = Debug|Any CPU
		{DAF9D07D-E697-4AFD-B50C-225EE0209712}.Debug|Any CPU.Deploy.0 = Debug|Any CPU
		{DAF9D07D-E697-4AFD-B50C-225EE0209712}.Debug|iPhone.ActiveCfg = Debug|Any CPU
		{DAF9D07D-E697-4AFD-B50C-225EE0209712}.Debug|iPhone.Build.0 = Debug|Any CPU
		{DAF9D07D-E697-4AFD-B50C-225EE0209712}.Debug|iPhone.Deploy.0 = Debug|Any CPU
		{DAF9D07D-E697-4AFD-B50C-225EE0209712}.Debug|iPhoneSimulator.ActiveCfg = Debug|Any CPU
		{DAF9D07D-E697-4AFD-B50C-225EE0209712}.Debug|iPhoneSimulator.Build.0 = Debug|Any CPU
		{DAF9D07D-E697-4AFD-B50C-225EE0209712}.Debug|iPhoneSimulator.Deploy.0 = Debug|Any CPU
		{DAF9D07D-E697-4AFD-B50C-225EE0209712}.Release|Any CPU.ActiveCfg = Release|Any CPU
		{DAF9D07D-E697-4AFD-B50C-225EE0209712}.Release|Any CPU.Build.0 = Release|Any CPU
		{DAF9D07D-E697-4AFD-B50C-225EE0209712}.Release|Any CPU.Deploy.0 = Release|Any CPU
		{DAF9D07D-E697-4AFD-B50C-225EE0209712}.Release|iPhone.ActiveCfg = Release|Any CPU
		{DAF9D07D-E697-4AFD-B50C-225EE0209712}.Release|iPhone.Build.0 = Release|Any CPU
		{DAF9D07D-E697-4AFD-B50C-225EE0209712}.Release|iPhone.Deploy.0 = Release|Any CPU
		{DAF9D07D-E697-4AFD-B50C-225EE0209712}.Release|iPhoneSimulator.ActiveCfg = Release|Any CPU
		{DAF9D07D-E697-4AFD-B50C-225EE0209712}.Release|iPhoneSimulator.Build.0 = Release|Any CPU
		{DAF9D07D-E697-4AFD-B50C-225EE0209712}.Release|iPhoneSimulator.Deploy.0 = Release|Any CPU
		{557A5BB1-012F-4B7E-A86D-DA8D27DF60D2}.Ad-Hoc|Any CPU.ActiveCfg = Ad-Hoc|iPhone
		{557A5BB1-012F-4B7E-A86D-DA8D27DF60D2}.Ad-Hoc|Any CPU.Build.0 = Ad-Hoc|iPhone
		{557A5BB1-012F-4B7E-A86D-DA8D27DF60D2}.Ad-Hoc|Any CPU.Deploy.0 = Ad-Hoc|iPhone
		{557A5BB1-012F-4B7E-A86D-DA8D27DF60D2}.Ad-Hoc|iPhone.ActiveCfg = Ad-Hoc|iPhone
		{557A5BB1-012F-4B7E-A86D-DA8D27DF60D2}.Ad-Hoc|iPhone.Build.0 = Ad-Hoc|iPhone
		{557A5BB1-012F-4B7E-A86D-DA8D27DF60D2}.Ad-Hoc|iPhone.Deploy.0 = Ad-Hoc|iPhone
		{557A5BB1-012F-4B7E-A86D-DA8D27DF60D2}.Ad-Hoc|iPhoneSimulator.ActiveCfg = Ad-Hoc|iPhoneSimulator
		{557A5BB1-012F-4B7E-A86D-DA8D27DF60D2}.Ad-Hoc|iPhoneSimulator.Build.0 = Ad-Hoc|iPhoneSimulator
		{557A5BB1-012F-4B7E-A86D-DA8D27DF60D2}.Ad-Hoc|iPhoneSimulator.Deploy.0 = Ad-Hoc|iPhoneSimulator
		{557A5BB1-012F-4B7E-A86D-DA8D27DF60D2}.AppStore|Any CPU.ActiveCfg = AppStore|iPhone
		{557A5BB1-012F-4B7E-A86D-DA8D27DF60D2}.AppStore|Any CPU.Build.0 = AppStore|iPhone
		{557A5BB1-012F-4B7E-A86D-DA8D27DF60D2}.AppStore|Any CPU.Deploy.0 = AppStore|iPhone
		{557A5BB1-012F-4B7E-A86D-DA8D27DF60D2}.AppStore|iPhone.ActiveCfg = AppStore|iPhone
		{557A5BB1-012F-4B7E-A86D-DA8D27DF60D2}.AppStore|iPhone.Build.0 = AppStore|iPhone
		{557A5BB1-012F-4B7E-A86D-DA8D27DF60D2}.AppStore|iPhone.Deploy.0 = AppStore|iPhone
		{557A5BB1-012F-4B7E-A86D-DA8D27DF60D2}.AppStore|iPhoneSimulator.ActiveCfg = AppStore|iPhoneSimulator
		{557A5BB1-012F-4B7E-A86D-DA8D27DF60D2}.AppStore|iPhoneSimulator.Build.0 = AppStore|iPhoneSimulator
		{557A5BB1-012F-4B7E-A86D-DA8D27DF60D2}.AppStore|iPhoneSimulator.Deploy.0 = AppStore|iPhoneSimulator
		{557A5BB1-012F-4B7E-A86D-DA8D27DF60D2}.Debug|Any CPU.ActiveCfg = Debug|iPhoneSimulator
		{557A5BB1-012F-4B7E-A86D-DA8D27DF60D2}.Debug|Any CPU.Build.0 = Debug|iPhoneSimulator
		{557A5BB1-012F-4B7E-A86D-DA8D27DF60D2}.Debug|Any CPU.Deploy.0 = Debug|iPhoneSimulator
		{557A5BB1-012F-4B7E-A86D-DA8D27DF60D2}.Debug|iPhone.ActiveCfg = Debug|iPhone
		{557A5BB1-012F-4B7E-A86D-DA8D27DF60D2}.Debug|iPhone.Build.0 = Debug|iPhone
		{557A5BB1-012F-4B7E-A86D-DA8D27DF60D2}.Debug|iPhone.Deploy.0 = Debug|iPhone
		{557A5BB1-012F-4B7E-A86D-DA8D27DF60D2}.Debug|iPhoneSimulator.ActiveCfg = Debug|iPhoneSimulator
		{557A5BB1-012F-4B7E-A86D-DA8D27DF60D2}.Debug|iPhoneSimulator.Build.0 = Debug|iPhoneSimulator
		{557A5BB1-012F-4B7E-A86D-DA8D27DF60D2}.Debug|iPhoneSimulator.Deploy.0 = Debug|iPhoneSimulator
		{557A5BB1-012F-4B7E-A86D-DA8D27DF60D2}.Release|Any CPU.ActiveCfg = Release|iPhone
		{557A5BB1-012F-4B7E-A86D-DA8D27DF60D2}.Release|Any CPU.Build.0 = Release|iPhone
		{557A5BB1-012F-4B7E-A86D-DA8D27DF60D2}.Release|Any CPU.Deploy.0 = Release|iPhone
		{557A5BB1-012F-4B7E-A86D-DA8D27DF60D2}.Release|iPhone.ActiveCfg = Release|iPhone
		{557A5BB1-012F-4B7E-A86D-DA8D27DF60D2}.Release|iPhone.Build.0 = Release|iPhone
		{557A5BB1-012F-4B7E-A86D-DA8D27DF60D2}.Release|iPhone.Deploy.0 = Release|iPhone
		{557A5BB1-012F-4B7E-A86D-DA8D27DF60D2}.Release|iPhoneSimulator.ActiveCfg = Release|iPhoneSimulator
		{557A5BB1-012F-4B7E-A86D-DA8D27DF60D2}.Release|iPhoneSimulator.Build.0 = Release|iPhoneSimulator
		{557A5BB1-012F-4B7E-A86D-DA8D27DF60D2}.Release|iPhoneSimulator.Deploy.0 = Release|iPhoneSimulator
	EndGlobalSection
	GlobalSection(SolutionProperties) = preSolution
		HideSolutionNode = FALSE
	EndGlobalSection
	GlobalSection(ExtensibilityGlobals) = postSolution
		SolutionGuid = {1BFC347B-6331-430A-BEE4-2517D2121CB8}
	EndGlobalSection
EndGlobal
